
Microsoft Visual Studio Solution File, Format Version 12.00
# Visual Studio Version 17
VisualStudioVersion = 17.3.32929.385
MinimumVisualStudioVersion = 10.0.40219.1
Project("{FAE04EC0-301F-11D3-BF4B-00C04F79EFBC}") = "Day_01", "Day_01\Day_01.csproj", "{225D3528-A3EA-4D19-A39D-7F6151802107}"
EndProject
Global
	GlobalSection(SolutionConfigurationPlatforms) = preSolution
		Debug|Any CPU = Debug|Any CPU
		Release|Any CPU = Release|Any CPU
	EndGlobalSection
	GlobalSection(ProjectConfigurationPlatforms) = postSolution
		{225D3528-A3EA-4D19-A39D-7F6151802107}.Debug|Any CPU.ActiveCfg = Debug|Any CPU
		{225D3528-A3EA-4D19-A39D-7F6151802107}.Debug|Any CPU.Build.0 = Debug|Any CPU
		{225D3528-A3EA-4D19-A39D-7F6151802107}.Release|Any CPU.ActiveCfg = Release|Any CPU
		{225D3528-A3EA-4D19-A39D-7F6151802107}.Release|Any CPU.Build.0 = Release|Any CPU
	EndGlobalSection
	GlobalSection(SolutionProperties) = preSolution
		HideSolutionNode = FALSE
	EndGlobalSection
	GlobalSection(ExtensibilityGlobals) = postSolution
		SolutionGuid = {F8D0BBDC-966C-480E-95BD-9F1A77C3A6DC}
	EndGlobalSection
EndGlobal
